github.com/200sc/klangsynthese v0.1.0 h1:wCo0dpFba9ED9CrRhNBXn3LHLOkChVSwu+trjph+354=
github.com/200sc/klangsynthese v0.1.0/go.mod h1:1yEA6LmYbsEoAPJx+JN+UQk7k5yXebfWsuM1yGPK/3s=
github.com/eaburns/bit v0.0.0-20131029213740-7bd5cd37375d h1:HB5J9+f1xpkYLgWQ/RqEcbp3SEufyOIMYLoyKNKiG7E=
github.com/eaburns/bit v0.0.0-20131029213740-7bd5cd37375d/go.mod h1:CHkHWWZ4kbGY6jEy1+qlitDaCtRgNvCOQdakj/1Yl/Q=
github.com/eaburns/flac v0.0.0-20171003200620-9a6fb92396d1 h1:wl/ggSfTHqAy46hyzw1IlrUYwjqmXYvbJyPdH3rT7YE=
github.com/eaburns/flac v0.0.0-20171003200620-9a6fb92396d1/go.mod h1:frG94byMNy+1CgGrQ25dZ+17tf98EN+OYBQL4Zh612M=
github.com/gopherjs/gopherjs v0.0.0-20180628210949-0892b62f0d9f/go.mod h1:wJfORRmW1u3UXTncJ5qlYoELFm8eSnnEO6hX4iZ3EWY=
github.com/gopherjs/gopherwasm v0.1.1/go.mod h1:kx4n9a+MzHH0BJJhvlsQ65hqLFXDO/m256AsaDPQ+/4=
github.com/hajimehoshi/go-mp3 v0.1.1 h1:Y33fAdTma70fkrxnc9u50Uq0lV6eZ+bkAlssdMmCwUc=
github.com/hajimehoshi/go-mp3 v0.1.1/go.mod h1:4i+c5pDNKDrxl1iu9iG90/+fhP37lio6gNhjCx9WBJw=
github.com/hajimehoshi/oto v0.1.1/go.mod h1:hUiLWeBQnbDu4pZsAhOnGqMI1ZGibS6e2qhQdfpwz04=
github.com/pkg/errors v0.8.1 h1:iURUrRGxPUNPdy5/HRSm+Yj6okJ6UtLINN0Q9M4+h3I=
github.com/pkg/errors v0.8.1/go.mod h1:bwawxfHBFNV+L2hUp1rHADufV3IMtnDRdf1r5NINEl0=
github.com/shibukawa/configdir v0.0.0-20170330084843-e180dbdc8da0 h1:Xuk8ma/ibJ1fOy4Ee11vHhUFHQNpHhrBneOCNHVXS5w=
github.com/shibukawa/configdir v0.0.0-20170330084843-e180dbdc8da0/go.mod h1:7AwjWCpdPhkSmNAgUv5C7EJ4AbmjEB3r047r3DXWu3Y=
github.com/tryphon/alsa-go v0.0.0-20130921204817-15454c34bf57 h1:WpPUj2vKV+ViictyIYdekj778dmepG6irxdHxg0kxy8=
github.com/tryphon/alsa-go v0.0.0-20130921204817-15454c34bf57/go.mod h1:i2e3NmkY5znj/djl4N3DtyS1eDTbxSfS0aWR9u3WA8c=
